
Microsoft Visual Studio Solution File, Format Version 12.00
# Visual Studio Version 16
VisualStudioVersion = 16.0.29201.188
MinimumVisualStudioVersion = 10.0.40219.1
Project("{9A19103F-16F7-4668-BE54-9A1E7A4F7556}") = "PetPlatoon.Godfrey", "PetPlatoon.Godfrey\PetPlatoon.Godfrey.csproj", "{C56669EF-9BE6-4279-85F1-8B81213510D5}"
EndProject
Project("{9A19103F-16F7-4668-BE54-9A1E7A4F7556}") = "PetPlatoon.Godfrey.Database", "PetPlatoon.Godfrey.Database\PetPlatoon.Godfrey.Database.csproj", "{75E0D364-8248-4946-8E23-6E182773F2D9}"
EndProject
Project("{9A19103F-16F7-4668-BE54-9A1E7A4F7556}") = "PetPlatoon.Godfrey.Messenger", "PetPlatoon.Godfrey.Messenger\PetPlatoon.Godfrey.Messenger.csproj", "{4BCD05D5-0FA4-40AA-BD3A-F89E9A327A70}"
EndProject
Global
	GlobalSection(SolutionConfigurationPlatforms) = preSolution
		Debug|Any CPU = Debug|Any CPU
		Release|Any CPU = Release|Any CPU
	EndGlobalSection
	GlobalSection(ProjectConfigurationPlatforms) = postSolution
		{C56669EF-9BE6-4279-85F1-8B81213510D5}.Debug|Any CPU.ActiveCfg = Debug|Any CPU
		{C56669EF-9BE6-4279-85F1-8B81213510D5}.Debug|Any CPU.Build.0 = Debug|Any CPU
		{C56669EF-9BE6-4279-85F1-8B81213510D5}.Release|Any CPU.ActiveCfg = Release|Any CPU
		{C56669EF-9BE6-4279-85F1-8B81213510D5}.Release|Any CPU.Build.0 = Release|Any CPU
		{75E0D364-8248-4946-8E23-6E182773F2D9}.Debug|Any CPU.ActiveCfg = Debug|Any CPU
		{75E0D364-8248-4946-8E23-6E182773F2D9}.Debug|Any CPU.Build.0 = Debug|Any CPU
		{75E0D364-8248-4946-8E23-6E182773F2D9}.Release|Any CPU.ActiveCfg = Release|Any CPU
		{75E0D364-8248-4946-8E23-6E182773F2D9}.Release|Any CPU.Build.0 = Release|Any CPU
		{4BCD05D5-0FA4-40AA-BD3A-F89E9A327A70}.Debug|Any CPU.ActiveCfg = Debug|Any CPU
		{4BCD05D5-0FA4-40AA-BD3A-F89E9A327A70}.Debug|Any CPU.Build.0 = Debug|Any CPU
		{4BCD05D5-0FA4-40AA-BD3A-F89E9A327A70}.Release|Any CPU.ActiveCfg = Release|Any CPU
		{4BCD05D5-0FA4-40AA-BD3A-F89E9A327A70}.Release|Any CPU.Build.0 = Release|Any CPU
	EndGlobalSection
	GlobalSection(SolutionProperties) = preSolution
		HideSolutionNode = FALSE
	EndGlobalSection
	GlobalSection(ExtensibilityGlobals) = postSolution
		SolutionGuid = {E29D55B7-4DC5-4DA0-AE73-442C7055BD54}
	EndGlobalSection
EndGlobal
